
Microsoft Visual Studio Solution File, Format Version 12.00
# Visual Studio Version 17
VisualStudioVersion = 17.5.002.0
MinimumVisualStudioVersion = 10.0.40219.1
Project("{9A19103F-16F7-4668-BE54-9A1E7A4F7556}") = "SchoolSystem", "SchoolSystem.csproj", "{98A62C34-C8FD-46B4-B68A-950A5601A596}"
EndProject
Global
	GlobalSection(SolutionConfigurationPlatforms) = preSolution
		Debug|Any CPU = Debug|Any CPU
		Release|Any CPU = Release|Any CPU
	EndGlobalSection
	GlobalSection(ProjectConfigurationPlatforms) = postSolution
		{98A62C34-C8FD-46B4-B68A-950A5601A596}.Debug|Any CPU.ActiveCfg = Debug|Any CPU
		{98A62C34-C8FD-46B4-B68A-950A5601A596}.Debug|Any CPU.Build.0 = Debug|Any CPU
		{98A62C34-C8FD-46B4-B68A-950A5601A596}.Release|Any CPU.ActiveCfg = Release|Any CPU
		{98A62C34-C8FD-46B4-B68A-950A5601A596}.Release|Any CPU.Build.0 = Release|Any CPU
	EndGlobalSection
	GlobalSection(SolutionProperties) = preSolution
		HideSolutionNode = FALSE
	EndGlobalSection
	GlobalSection(ExtensibilityGlobals) = postSolution
		SolutionGuid = {A4710C47-C1DC-4470-97A9-D985AE48DB06}
	EndGlobalSection
EndGlobal
